// !$*UTF8*$!
{
	archiveVersion = 1;
	classes = {
	};
	objectVersion = 56;
	objects = {

/* Begin PBXBuildFile section */
		7A47BDD3291BF6DB001D5844 /* ScheduleListView.swift in Sources */ = {isa = PBXBuildFile; fileRef = 7A47BDD2291BF6DB001D5844 /* ScheduleListView.swift */; };
		7A47BDD5291C029E001D5844 /* ScheduleCell.swift in Sources */ = {isa = PBXBuildFile; fileRef = 7A47BDD4291C029E001D5844 /* ScheduleCell.swift */; };
		7A93757E29000BCA00D6D5BE /* MacCPlayGroundApp.swift in Sources */ = {isa = PBXBuildFile; fileRef = 7A93757D29000BCA00D6D5BE /* MacCPlayGroundApp.swift */; };
		7A93758029000BCA00D6D5BE /* ContentView.swift in Sources */ = {isa = PBXBuildFile; fileRef = 7A93757F29000BCA00D6D5BE /* ContentView.swift */; };
		7A93758229000BCB00D6D5BE /* Assets.xcassets in Resources */ = {isa = PBXBuildFile; fileRef = 7A93758129000BCB00D6D5BE /* Assets.xcassets */; };
		7A93758529000BCB00D6D5BE /* Preview Assets.xcassets in Resources */ = {isa = PBXBuildFile; fileRef = 7A93758429000BCB00D6D5BE /* Preview Assets.xcassets */; };
		7A93758C29000F8200D6D5BE /* CompleteButton.swift in Sources */ = {isa = PBXBuildFile; fileRef = 7A93758B29000F8200D6D5BE /* CompleteButton.swift */; };
		7A93758E2900109200D6D5BE /* StrokeButton.swift in Sources */ = {isa = PBXBuildFile; fileRef = 7A93758D2900109200D6D5BE /* StrokeButton.swift */; };
		7A9375902900140E00D6D5BE /* ScheduleContainer.swift in Sources */ = {isa = PBXBuildFile; fileRef = 7A93758F2900140E00D6D5BE /* ScheduleContainer.swift */; };
		7A937592290018F400D6D5BE /* CustomTextField.swift in Sources */ = {isa = PBXBuildFile; fileRef = 7A937591290018F400D6D5BE /* CustomTextField.swift */; };
		7A9375942900274C00D6D5BE /* CustomTextFieldContainer.swift in Sources */ = {isa = PBXBuildFile; fileRef = 7A9375932900274C00D6D5BE /* CustomTextFieldContainer.swift */; };
		898A5EC82908619F00A6BEF7 /* UnderlinedTextField.swift in Sources */ = {isa = PBXBuildFile; fileRef = 898A5EC72908619F00A6BEF7 /* UnderlinedTextField.swift */; };
		898A5ECA290861CD00A6BEF7 /* InputFormElement.swift in Sources */ = {isa = PBXBuildFile; fileRef = 898A5EC9290861CD00A6BEF7 /* InputFormElement.swift */; };
		89A723CB291A357C00D063F4 /* WeeklyCalendarLoadLogic.swift in Sources */ = {isa = PBXBuildFile; fileRef = 89A723CA291A357C00D063F4 /* WeeklyCalendarLoadLogic.swift */; };
		89A723CE291A387A00D063F4 /* CalendarViewModel.swift in Sources */ = {isa = PBXBuildFile; fileRef = 89A723CD291A387A00D063F4 /* CalendarViewModel.swift */; };
/* End PBXBuildFile section */

/* Begin PBXFileReference section */
		7A47BDD2291BF6DB001D5844 /* ScheduleListView.swift */ = {isa = PBXFileReference; lastKnownFileType = sourcecode.swift; path = ScheduleListView.swift; sourceTree = "<group>"; };
		7A47BDD4291C029E001D5844 /* ScheduleCell.swift */ = {isa = PBXFileReference; lastKnownFileType = sourcecode.swift; path = ScheduleCell.swift; sourceTree = "<group>"; };
		7A93757A29000BCA00D6D5BE /* MacCPlayGround.app */ = {isa = PBXFileReference; explicitFileType = wrapper.application; includeInIndex = 0; path = MacCPlayGround.app; sourceTree = BUILT_PRODUCTS_DIR; };
		7A93757D29000BCA00D6D5BE /* MacCPlayGroundApp.swift */ = {isa = PBXFileReference; lastKnownFileType = sourcecode.swift; path = MacCPlayGroundApp.swift; sourceTree = "<group>"; };
		7A93757F29000BCA00D6D5BE /* ContentView.swift */ = {isa = PBXFileReference; lastKnownFileType = sourcecode.swift; path = ContentView.swift; sourceTree = "<group>"; };
		7A93758129000BCB00D6D5BE /* Assets.xcassets */ = {isa = PBXFileReference; lastKnownFileType = folder.assetcatalog; path = Assets.xcassets; sourceTree = "<group>"; };
		7A93758429000BCB00D6D5BE /* Preview Assets.xcassets */ = {isa = PBXFileReference; lastKnownFileType = folder.assetcatalog; path = "Preview Assets.xcassets"; sourceTree = "<group>"; };
		7A93758B29000F8200D6D5BE /* CompleteButton.swift */ = {isa = PBXFileReference; lastKnownFileType = sourcecode.swift; path = CompleteButton.swift; sourceTree = "<group>"; };
		7A93758D2900109200D6D5BE /* StrokeButton.swift */ = {isa = PBXFileReference; lastKnownFileType = sourcecode.swift; path = StrokeButton.swift; sourceTree = "<group>"; };
		7A93758F2900140E00D6D5BE /* ScheduleContainer.swift */ = {isa = PBXFileReference; lastKnownFileType = sourcecode.swift; path = ScheduleContainer.swift; sourceTree = "<group>"; };
		7A937591290018F400D6D5BE /* CustomTextField.swift */ = {isa = PBXFileReference; lastKnownFileType = sourcecode.swift; path = CustomTextField.swift; sourceTree = "<group>"; };
		7A9375932900274C00D6D5BE /* CustomTextFieldContainer.swift */ = {isa = PBXFileReference; lastKnownFileType = sourcecode.swift; path = CustomTextFieldContainer.swift; sourceTree = "<group>"; };
		898A5EC72908619F00A6BEF7 /* UnderlinedTextField.swift */ = {isa = PBXFileReference; lastKnownFileType = sourcecode.swift; path = UnderlinedTextField.swift; sourceTree = "<group>"; };
		898A5EC9290861CD00A6BEF7 /* InputFormElement.swift */ = {isa = PBXFileReference; lastKnownFileType = sourcecode.swift; path = InputFormElement.swift; sourceTree = "<group>"; };
		89A723CA291A357C00D063F4 /* WeeklyCalendarLoadLogic.swift */ = {isa = PBXFileReference; lastKnownFileType = sourcecode.swift; path = WeeklyCalendarLoadLogic.swift; sourceTree = "<group>"; };
		89A723CD291A387A00D063F4 /* CalendarViewModel.swift */ = {isa = PBXFileReference; lastKnownFileType = sourcecode.swift; path = CalendarViewModel.swift; sourceTree = "<group>"; };
/* End PBXFileReference section */

/* Begin PBXFrameworksBuildPhase section */
		7A93757729000BCA00D6D5BE /* Frameworks */ = {
			isa = PBXFrameworksBuildPhase;
			buildActionMask = 2147483647;
			files = (
			);
			runOnlyForDeploymentPostprocessing = 0;
		};
/* End PBXFrameworksBuildPhase section */

/* Begin PBXGroup section */
		7A93757129000BCA00D6D5BE = {
			isa = PBXGroup;
			children = (
				7A93757D29000BCA00D6D5BE /* MacCPlayGroundApp.swift */,
				7A93757C29000BCA00D6D5BE /* MacCPlayGround */,
				7A93757B29000BCA00D6D5BE /* Products */,
			);
			sourceTree = "<group>";
		};
		7A93757B29000BCA00D6D5BE /* Products */ = {
			isa = PBXGroup;
			children = (
				7A93757A29000BCA00D6D5BE /* MacCPlayGround.app */,
			);
			name = Products;
			sourceTree = "<group>";
		};
		7A93757C29000BCA00D6D5BE /* MacCPlayGround */ = {
			isa = PBXGroup;
			children = (
				7A93757F29000BCA00D6D5BE /* ContentView.swift */,
				7A93758B29000F8200D6D5BE /* CompleteButton.swift */,
				7A93758D2900109200D6D5BE /* StrokeButton.swift */,
				7A93758F2900140E00D6D5BE /* ScheduleContainer.swift */,
				7A937591290018F400D6D5BE /* CustomTextField.swift */,
				7A9375932900274C00D6D5BE /* CustomTextFieldContainer.swift */,
				898A5EC72908619F00A6BEF7 /* UnderlinedTextField.swift */,
				898A5EC9290861CD00A6BEF7 /* InputFormElement.swift */,
				89A723CC291A383A00D063F4 /* Calendar */,
				7A93758129000BCB00D6D5BE /* Assets.xcassets */,
				7A93758329000BCB00D6D5BE /* Preview Content */,
			);
			path = MacCPlayGround;
			sourceTree = "<group>";
		};
		7A93758329000BCB00D6D5BE /* Preview Content */ = {
			isa = PBXGroup;
			children = (
				7A93758429000BCB00D6D5BE /* Preview Assets.xcassets */,
			);
			path = "Preview Content";
			sourceTree = "<group>";
		};
		89A723CC291A383A00D063F4 /* Calendar */ = {
			isa = PBXGroup;
			children = (
				89A723CD291A387A00D063F4 /* CalendarViewModel.swift */,
				89A723CA291A357C00D063F4 /* WeeklyCalendarLoadLogic.swift */,
				7A47BDD2291BF6DB001D5844 /* ScheduleListView.swift */,
				7A47BDD4291C029E001D5844 /* ScheduleCell.swift */,
			);
			path = Calendar;
			sourceTree = "<group>";
		};
/* End PBXGroup section */

/* Begin PBXNativeTarget section */
		7A93757929000BCA00D6D5BE /* MacCPlayGround */ = {
			isa = PBXNativeTarget;
			buildConfigurationList = 7A93758829000BCB00D6D5BE /* Build configuration list for PBXNativeTarget "MacCPlayGround" */;
			buildPhases = (
				7A93757629000BCA00D6D5BE /* Sources */,
				7A93757729000BCA00D6D5BE /* Frameworks */,
				7A93757829000BCA00D6D5BE /* Resources */,
			);
			buildRules = (
			);
			dependencies = (
			);
			name = MacCPlayGround;
			productName = MacCPlayGround;
			productReference = 7A93757A29000BCA00D6D5BE /* MacCPlayGround.app */;
			productType = "com.apple.product-type.application";
		};
/* End PBXNativeTarget section */

/* Begin PBXProject section */
		7A93757229000BCA00D6D5BE /* Project object */ = {
			isa = PBXProject;
			attributes = {
				BuildIndependentTargetsInParallel = 1;
				LastSwiftUpdateCheck = 1400;
				LastUpgradeCheck = 1400;
				TargetAttributes = {
					7A93757929000BCA00D6D5BE = {
						CreatedOnToolsVersion = 14.0.1;
					};
				};
			};
			buildConfigurationList = 7A93757529000BCA00D6D5BE /* Build configuration list for PBXProject "MacCPlayGround" */;
			compatibilityVersion = "Xcode 14.0";
			developmentRegion = en;
			hasScannedForEncodings = 0;
			knownRegions = (
				en,
				Base,
			);
			mainGroup = 7A93757129000BCA00D6D5BE;
			productRefGroup = 7A93757B29000BCA00D6D5BE /* Products */;
			projectDirPath = "";
			projectRoot = "";
			targets = (
				7A93757929000BCA00D6D5BE /* MacCPlayGround */,
			);
		};
/* End PBXProject section */

/* Begin PBXResourcesBuildPhase section */
		7A93757829000BCA00D6D5BE /* Resources */ = {
			isa = PBXResourcesBuildPhase;
			buildActionMask = 2147483647;
			files = (
				7A93758529000BCB00D6D5BE /* Preview Assets.xcassets in Resources */,
				7A93758229000BCB00D6D5BE /* Assets.xcassets in Resources */,
			);
			runOnlyForDeploymentPostprocessing = 0;
		};
/* End PBXResourcesBuildPhase section */

/* Begin PBXSourcesBuildPhase section */
		7A93757629000BCA00D6D5BE /* Sources */ = {
			isa = PBXSourcesBuildPhase;
			buildActionMask = 2147483647;
			files = (
				898A5ECA290861CD00A6BEF7 /* InputFormElement.swift in Sources */,
				7A47BDD3291BF6DB001D5844 /* ScheduleListView.swift in Sources */,
				7A93758029000BCA00D6D5BE /* ContentView.swift in Sources */,
				7A47BDD5291C029E001D5844 /* ScheduleCell.swift in Sources */,
				7A9375902900140E00D6D5BE /* ScheduleContainer.swift in Sources */,
				7A937592290018F400D6D5BE /* CustomTextField.swift in Sources */,
				7A9375942900274C00D6D5BE /* CustomTextFieldContainer.swift in Sources */,
				7A93758E2900109200D6D5BE /* StrokeButton.swift in Sources */,
				7A93757E29000BCA00D6D5BE /* MacCPlayGroundApp.swift in Sources */,
				7A93758C29000F8200D6D5BE /* CompleteButton.swift in Sources */,
				898A5EC82908619F00A6BEF7 /* UnderlinedTextField.swift in Sources */,
				89A723CE291A387A00D063F4 /* CalendarViewModel.swift in Sources */,
				89A723CB291A357C00D063F4 /* WeeklyCalendarLoadLogic.swift in Sources */,
			);
			runOnlyForDeploymentPostprocessing = 0;
		};
/* End PBXSourcesBuildPhase section */

/* Begin XCBuildConfiguration section */
		7A93758629000BCB00D6D5BE /* Debug */ = {
			isa = XCBuildConfiguration;
			buildSettings = {
				ALWAYS_SEARCH_USER_PATHS = NO;
				CLANG_ANALYZER_NONNULL = YES;
				CLANG_ANALYZER_NUMBER_OBJECT_CONVERSION = YES_AGGRESSIVE;
				CLANG_CXX_LANGUAGE_STANDARD = "gnu++20";
				CLANG_ENABLE_MODULES = YES;
				CLANG_ENABLE_OBJC_ARC = YES;
				CLANG_ENABLE_OBJC_WEAK = YES;
				CLANG_WARN_BLOCK_CAPTURE_AUTORELEASING = YES;
				CLANG_WARN_BOOL_CONVERSION = YES;
				CLANG_WARN_COMMA = YES;
				CLANG_WARN_CONSTANT_CONVERSION = YES;
				CLANG_WARN_DEPRECATED_OBJC_IMPLEMENTATIONS = YES;
				CLANG_WARN_DIRECT_OBJC_ISA_USAGE = YES_ERROR;
				CLANG_WARN_DOCUMENTATION_COMMENTS = YES;
				CLANG_WARN_EMPTY_BODY = YES;
				CLANG_WARN_ENUM_CONVERSION = YES;
				CLANG_WARN_INFINITE_RECURSION = YES;
				CLANG_WARN_INT_CONVERSION = YES;
				CLANG_WARN_NON_LITERAL_NULL_CONVERSION = YES;
				CLANG_WARN_OBJC_IMPLICIT_RETAIN_SELF = YES;
				CLANG_WARN_OBJC_LITERAL_CONVERSION = YES;
				CLANG_WARN_OBJC_ROOT_CLASS = YES_ERROR;
				CLANG_WARN_QUOTED_INCLUDE_IN_FRAMEWORK_HEADER = YES;
				CLANG_WARN_RANGE_LOOP_ANALYSIS = YES;
				CLANG_WARN_STRICT_PROTOTYPES = YES;
				CLANG_WARN_SUSPICIOUS_MOVE = YES;
				CLANG_WARN_UNGUARDED_AVAILABILITY = YES_AGGRESSIVE;
				CLANG_WARN_UNREACHABLE_CODE = YES;
				CLANG_WARN__DUPLICATE_METHOD_MATCH = YES;
				COPY_PHASE_STRIP = NO;
				DEBUG_INFORMATION_FORMAT = dwarf;
				ENABLE_STRICT_OBJC_MSGSEND = YES;
				ENABLE_TESTABILITY = YES;
				GCC_C_LANGUAGE_STANDARD = gnu11;
				GCC_DYNAMIC_NO_PIC = NO;
				GCC_NO_COMMON_BLOCKS = YES;
				GCC_OPTIMIZATION_LEVEL = 0;
				GCC_PREPROCESSOR_DEFINITIONS = (
					"DEBUG=1",
					"$(inherited)",
				);
				GCC_WARN_64_TO_32_BIT_CONVERSION = YES;
				GCC_WARN_ABOUT_RETURN_TYPE = YES_ERROR;
				GCC_WARN_UNDECLARED_SELECTOR = YES;
				GCC_WARN_UNINITIALIZED_AUTOS = YES_AGGRESSIVE;
				GCC_WARN_UNUSED_FUNCTION = YES;
				GCC_WARN_UNUSED_VARIABLE = YES;
				IPHONEOS_DEPLOYMENT_TARGET = 16.0;
				MTL_ENABLE_DEBUG_INFO = INCLUDE_SOURCE;
				MTL_FAST_MATH = YES;
				ONLY_ACTIVE_ARCH = YES;
				SDKROOT = iphoneos;
				SWIFT_ACTIVE_COMPILATION_CONDITIONS = DEBUG;
				SWIFT_OPTIMIZATION_LEVEL = "-Onone";
			};
			name = Debug;
		};
		7A93758729000BCB00D6D5BE /* Release */ = {
			isa = XCBuildConfiguration;
			buildSettings = {
				ALWAYS_SEARCH_USER_PATHS = NO;
				CLANG_ANALYZER_NONNULL = YES;
				CLANG_ANALYZER_NUMBER_OBJECT_CONVERSION = YES_AGGRESSIVE;
				CLANG_CXX_LANGUAGE_STANDARD = "gnu++20";
				CLANG_ENABLE_MODULES = YES;
				CLANG_ENABLE_OBJC_ARC = YES;
				CLANG_ENABLE_OBJC_WEAK = YES;
				CLANG_WARN_BLOCK_CAPTURE_AUTORELEASING = YES;
				CLANG_WARN_BOOL_CONVERSION = YES;
				CLANG_WARN_COMMA = YES;
				CLANG_WARN_CONSTANT_CONVERSION = YES;
				CLANG_WARN_DEPRECATED_OBJC_IMPLEMENTATIONS = YES;
				CLANG_WARN_DIRECT_OBJC_ISA_USAGE = YES_ERROR;
				CLANG_WARN_DOCUMENTATION_COMMENTS = YES;
				CLANG_WARN_EMPTY_BODY = YES;
				CLANG_WARN_ENUM_CONVERSION = YES;
				CLANG_WARN_INFINITE_RECURSION = YES;
				CLANG_WARN_INT_CONVERSION = YES;
				CLANG_WARN_NON_LITERAL_NULL_CONVERSION = YES;
				CLANG_WARN_OBJC_IMPLICIT_RETAIN_SELF = YES;
				CLANG_WARN_OBJC_LITERAL_CONVERSION = YES;
				CLANG_WARN_OBJC_ROOT_CLASS = YES_ERROR;
				CLANG_WARN_QUOTED_INCLUDE_IN_FRAMEWORK_HEADER = YES;
				CLANG_WARN_RANGE_LOOP_ANALYSIS = YES;
				CLANG_WARN_STRICT_PROTOTYPES = YES;
				CLANG_WARN_SUSPICIOUS_MOVE = YES;
				CLANG_WARN_UNGUARDED_AVAILABILITY = YES_AGGRESSIVE;
				CLANG_WARN_UNREACHABLE_CODE = YES;
				CLANG_WARN__DUPLICATE_METHOD_MATCH = YES;
				COPY_PHASE_STRIP = NO;
				DEBUG_INFORMATION_FORMAT = "dwarf-with-dsym";
				ENABLE_NS_ASSERTIONS = NO;
				ENABLE_STRICT_OBJC_MSGSEND = YES;
				GCC_C_LANGUAGE_STANDARD = gnu11;
				GCC_NO_COMMON_BLOCKS = YES;
				GCC_WARN_64_TO_32_BIT_CONVERSION = YES;
				GCC_WARN_ABOUT_RETURN_TYPE = YES_ERROR;
				GCC_WARN_UNDECLARED_SELECTOR = YES;
				GCC_WARN_UNINITIALIZED_AUTOS = YES_AGGRESSIVE;
				GCC_WARN_UNUSED_FUNCTION = YES;
				GCC_WARN_UNUSED_VARIABLE = YES;
				IPHONEOS_DEPLOYMENT_TARGET = 16.0;
				MTL_ENABLE_DEBUG_INFO = NO;
				MTL_FAST_MATH = YES;
				SDKROOT = iphoneos;
				SWIFT_COMPILATION_MODE = wholemodule;
				SWIFT_OPTIMIZATION_LEVEL = "-O";
				VALIDATE_PRODUCT = YES;
			};
			name = Release;
		};
		7A93758929000BCB00D6D5BE /* Debug */ = {
			isa = XCBuildConfiguration;
			buildSettings = {
				ASSETCATALOG_COMPILER_APPICON_NAME = AppIcon;
				ASSETCATALOG_COMPILER_GLOBAL_ACCENT_COLOR_NAME = AccentColor;
				CODE_SIGN_STYLE = Automatic;
				CURRENT_PROJECT_VERSION = 1;
				DEVELOPMENT_ASSET_PATHS = "\"MacCPlayGround/Preview Content\"";
				DEVELOPMENT_TEAM = DL9N9GFVMW;
				ENABLE_PREVIEWS = YES;
				GENERATE_INFOPLIST_FILE = YES;
				INFOPLIST_KEY_UIApplicationSceneManifest_Generation = YES;
				INFOPLIST_KEY_UIApplicationSupportsIndirectInputEvents = YES;
				INFOPLIST_KEY_UILaunchScreen_Generation = YES;
				INFOPLIST_KEY_UISupportedInterfaceOrientations_iPad = "UIInterfaceOrientationPortrait UIInterfaceOrientationPortraitUpsideDown UIInterfaceOrientationLandscapeLeft UIInterfaceOrientationLandscapeRight";
				INFOPLIST_KEY_UISupportedInterfaceOrientations_iPhone = "UIInterfaceOrientationPortrait UIInterfaceOrientationLandscapeLeft UIInterfaceOrientationLandscapeRight";
				IPHONEOS_DEPLOYMENT_TARGET = 15.0;
				LD_RUNPATH_SEARCH_PATHS = (
					"$(inherited)",
					"@executable_path/Frameworks",
				);
				MARKETING_VERSION = 1.0;
				PRODUCT_BUNDLE_IDENTIFIER = com.phainestha1.MacCPlayGround;
				PRODUCT_NAME = "$(TARGET_NAME)";
				SWIFT_EMIT_LOC_STRINGS = YES;
				SWIFT_VERSION = 5.0;
				TARGETED_DEVICE_FAMILY = "1,2";
			};
			name = Debug;
		};
		7A93758A29000BCB00D6D5BE /* Release */ = {
			isa = XCBuildConfiguration;
			buildSettings = {
				ASSETCATALOG_COMPILER_APPICON_NAME = AppIcon;
				ASSETCATALOG_COMPILER_GLOBAL_ACCENT_COLOR_NAME = AccentColor;
				CODE_SIGN_STYLE = Automatic;
				CURRENT_PROJECT_VERSION = 1;
				DEVELOPMENT_ASSET_PATHS = "\"MacCPlayGround/Preview Content\"";
				DEVELOPMENT_TEAM = DL9N9GFVMW;
				ENABLE_PREVIEWS = YES;
				GENERATE_INFOPLIST_FILE = YES;
				INFOPLIST_KEY_UIApplicationSceneManifest_Generation = YES;
				INFOPLIST_KEY_UIApplicationSupportsIndirectInputEvents = YES;
				INFOPLIST_KEY_UILaunchScreen_Generation = YES;
				INFOPLIST_KEY_UISupportedInterfaceOrientations_iPad = "UIInterfaceOrientationPortrait UIInterfaceOrientationPortraitUpsideDown UIInterfaceOrientationLandscapeLeft UIInterfaceOrientationLandscapeRight";
				INFOPLIST_KEY_UISupportedInterfaceOrientations_iPhone = "UIInterfaceOrientationPortrait UIInterfaceOrientationLandscapeLeft UIInterfaceOrientationLandscapeRight";
				IPHONEOS_DEPLOYMENT_TARGET = 15.0;
				LD_RUNPATH_SEARCH_PATHS = (
					"$(inherited)",
					"@executable_path/Frameworks",
				);
				MARKETING_VERSION = 1.0;
				PRODUCT_BUNDLE_IDENTIFIER = com.phainestha1.MacCPlayGround;
				PRODUCT_NAME = "$(TARGET_NAME)";
				SWIFT_EMIT_LOC_STRINGS = YES;
				SWIFT_VERSION = 5.0;
				TARGETED_DEVICE_FAMILY = "1,2";
			};
			name = Release;
		};
/* End XCBuildConfiguration section */

/* Begin XCConfigurationList section */
		7A93757529000BCA00D6D5BE /* Build configuration list for PBXProject "MacCPlayGround" */ = {
			isa = XCConfigurationList;
			buildConfigurations = (
				7A93758629000BCB00D6D5BE /* Debug */,
				7A93758729000BCB00D6D5BE /* Release */,
			);
			defaultConfigurationIsVisible = 0;
			defaultConfigurationName = Release;
		};
		7A93758829000BCB00D6D5BE /* Build configuration list for PBXNativeTarget "MacCPlayGround" */ = {
			isa = XCConfigurationList;
			buildConfigurations = (
				7A93758929000BCB00D6D5BE /* Debug */,
				7A93758A29000BCB00D6D5BE /* Release */,
			);
			defaultConfigurationIsVisible = 0;
			defaultConfigurationName = Release;
		};
/* End XCConfigurationList section */
	};
	rootObject = 7A93757229000BCA00D6D5BE /* Project object */;
}
